
Microsoft Visual Studio Solution File, Format Version 12.00
# Visual Studio Version 16
VisualStudioVersion = 16.0.31702.278
MinimumVisualStudioVersion = 10.0.40219.1
Project("{FAE04EC0-301F-11D3-BF4B-00C04F79EFBC}") = "Book_Store", "Book_Store\Book_Store.csproj", "{D4434260-CDAA-422A-9EC7-331DD72BB77C}"
EndProject
Global
	GlobalSection(SolutionConfigurationPlatforms) = preSolution
		Debug|Any CPU = Debug|Any CPU
		Release|Any CPU = Release|Any CPU
	EndGlobalSection
	GlobalSection(ProjectConfigurationPlatforms) = postSolution
		{D4434260-CDAA-422A-9EC7-331DD72BB77C}.Debug|Any CPU.ActiveCfg = Debug|Any CPU
		{D4434260-CDAA-422A-9EC7-331DD72BB77C}.Debug|Any CPU.Build.0 = Debug|Any CPU
		{D4434260-CDAA-422A-9EC7-331DD72BB77C}.Release|Any CPU.ActiveCfg = Release|Any CPU
		{D4434260-CDAA-422A-9EC7-331DD72BB77C}.Release|Any CPU.Build.0 = Release|Any CPU
	EndGlobalSection
	GlobalSection(SolutionProperties) = preSolution
		HideSolutionNode = FALSE
	EndGlobalSection
	GlobalSection(ExtensibilityGlobals) = postSolution
		SolutionGuid = {4522C5DF-0E00-4BEB-8356-B03D9998BDD4}
	EndGlobalSection
EndGlobal
